# This is a Gradle generated file for dependency locking.
# Manual edits can break the build and are not advised.
# This file is expected to be part of source control.
androidx.activity:activity-compose:1.13.0=debugCompileClasspath,debugRuntimeClasspath
androidx.activity:activity-ktx:1.13.0=debugRuntimeClasspath
androidx.activity:activity:1.13.0=debugCompileClasspath,debugRuntimeClasspath
androidx.annotation:annotation-experimental:1.4.1=debugCompileClasspath,debugRuntimeClasspath
androidx.annotation:annotation-jvm:1.10.0=debugCompileClasspath,debugRuntimeClasspath
androidx.annotation:annotation:1.10.0=debugCompileClasspath,debugRuntimeClasspath
androidx.arch.core:core-common:2.2.0=debugCompileClasspath,debugRuntimeClasspath
androidx.arch.core:core-runtime:2.2.0=debugRuntimeClasspath
androidx.autofill:autofill:1.0.0=debugRuntimeClasspath
androidx.collection:collection-jvm:1.5.0=debugCompileClasspath,debugRuntimeClasspath
androidx.collection:collection-ktx:1.5.0=debugRuntimeClasspath
androidx.collection:collection:1.5.0=debugCompileClasspath,debugRuntimeClasspath
androidx.compose.animation:animation-android:1.10.0=debugRuntimeClasspath
androidx.compose.animation:animation-android:1.9.0=debugCompileClasspath
androidx.compose.animation:animation-core-android:1.10.0=debugRuntimeClasspath
androidx.compose.animation:animation-core-android:1.9.0=debugCompileClasspath
androidx.compose.animation:animation-core:1.10.0=debugRuntimeClasspath
androidx.compose.animation:animation-core:1.9.0=debugCompileClasspath
androidx.compose.animation:animation-graphics-android:1.10.0=debugRuntimeClasspath
androidx.compose.animation:animation-graphics:1.10.0=debugRuntimeClasspath
androidx.compose.animation:animation:1.10.0=debugRuntimeClasspath
androidx.compose.animation:animation:1.9.0=debugCompileClasspath
androidx.compose.foundation:foundation-android:1.10.0=debugRuntimeClasspath
androidx.compose.foundation:foundation-android:1.9.0=debugCompileClasspath
androidx.compose.foundation:foundation-layout-android:1.10.0=debugRuntimeClasspath
androidx.compose.foundation:foundation-layout-android:1.9.0=debugCompileClasspath
androidx.compose.foundation:foundation-layout:1.10.0=debugRuntimeClasspath
androidx.compose.foundation:foundation-layout:1.9.0=debugCompileClasspath
androidx.compose.foundation:foundation:1.10.0=debugRuntimeClasspath
androidx.compose.foundation:foundation:1.9.0=debugCompileClasspath
androidx.compose.material3:material3-android:1.3.1=debugRuntimeClasspath
androidx.compose.material3:material3:1.3.1=debugRuntimeClasspath
androidx.compose.material:material-icons-core-android:1.7.8=debugCompileClasspath,debugRuntimeClasspath
androidx.compose.material:material-icons-core:1.7.8=debugCompileClasspath,debugRuntimeClasspath
androidx.compose.material:material-icons-extended-android:1.7.8=debugCompileClasspath,debugRuntimeClasspath
androidx.compose.material:material-icons-extended:1.7.8=debugCompileClasspath,debugRuntimeClasspath
androidx.compose.material:material-ripple-android:1.9.0=debugRuntimeClasspath
androidx.compose.material:material-ripple:1.9.0=debugRuntimeClasspath
androidx.compose.runtime:runtime-android:1.11.0=debugCompileClasspath,debugRuntimeClasspath
androidx.compose.runtime:runtime-annotation-android:1.11.0=debugCompileClasspath,debugRuntimeClasspath
androidx.compose.runtime:runtime-annotation:1.11.0=debugCompileClasspath,debugRuntimeClasspath
androidx.compose.runtime:runtime-retain-android:1.11.0=debugRuntimeClasspath
androidx.compose.runtime:runtime-retain:1.11.0=debugRuntimeClasspath
androidx.compose.runtime:runtime-saveable-android:1.11.0=debugCompileClasspath,debugRuntimeClasspath
androidx.compose.runtime:runtime-saveable:1.11.0=debugCompileClasspath,debugRuntimeClasspath
androidx.compose.runtime:runtime:1.11.0=debugCompileClasspath,debugRuntimeClasspath
androidx.compose.ui:ui-android:1.11.0=debugRuntimeClasspath
androidx.compose.ui:ui-android:1.9.0=debugCompileClasspath
androidx.compose.ui:ui-geometry-android:1.11.0=debugRuntimeClasspath
androidx.compose.ui:ui-geometry-android:1.9.0=debugCompileClasspath
androidx.compose.ui:ui-geometry:1.11.0=debugRuntimeClasspath
androidx.compose.ui:ui-geometry:1.9.0=debugCompileClasspath
androidx.compose.ui:ui-graphics-android:1.11.0=debugRuntimeClasspath
androidx.compose.ui:ui-graphics-android:1.9.0=debugCompileClasspath
androidx.compose.ui:ui-graphics:1.11.0=debugRuntimeClasspath
androidx.compose.ui:ui-graphics:1.9.0=debugCompileClasspath
androidx.compose.ui:ui-text-android:1.11.0=debugRuntimeClasspath
androidx.compose.ui:ui-text-android:1.9.0=debugCompileClasspath
androidx.compose.ui:ui-text:1.11.0=debugRuntimeClasspath
androidx.compose.ui:ui-text:1.9.0=debugCompileClasspath
androidx.compose.ui:ui-tooling-android:1.11.0=debugRuntimeClasspath
androidx.compose.ui:ui-tooling-android:1.9.0=debugCompileClasspath
androidx.compose.ui:ui-tooling-data-android:1.11.0=debugRuntimeClasspath
androidx.compose.ui:ui-tooling-data-android:1.9.0=debugCompileClasspath
androidx.compose.ui:ui-tooling-data:1.11.0=debugRuntimeClasspath
androidx.compose.ui:ui-tooling-data:1.9.0=debugCompileClasspath
androidx.compose.ui:ui-tooling-preview-android:1.11.0=debugRuntimeClasspath
androidx.compose.ui:ui-tooling-preview-android:1.9.0=debugCompileClasspath
androidx.compose.ui:ui-tooling-preview:1.11.0=debugRuntimeClasspath
androidx.compose.ui:ui-tooling-preview:1.9.0=debugCompileClasspath
androidx.compose.ui:ui-tooling:1.11.0=debugRuntimeClasspath
androidx.compose.ui:ui-tooling:1.9.0=debugCompileClasspath
androidx.compose.ui:ui-unit-android:1.11.0=debugRuntimeClasspath
androidx.compose.ui:ui-unit-android:1.9.0=debugCompileClasspath
androidx.compose.ui:ui-unit:1.11.0=debugRuntimeClasspath
androidx.compose.ui:ui-unit:1.9.0=debugCompileClasspath
androidx.compose.ui:ui-util-android:1.11.0=debugRuntimeClasspath
androidx.compose.ui:ui-util-android:1.9.0=debugCompileClasspath
androidx.compose.ui:ui-util:1.11.0=debugRuntimeClasspath
androidx.compose.ui:ui-util:1.9.0=debugCompileClasspath
androidx.compose.ui:ui:1.11.0=debugRuntimeClasspath
androidx.compose.ui:ui:1.9.0=debugCompileClasspath
androidx.concurrent:concurrent-futures:1.1.0=debugRuntimeClasspath
androidx.core:core-ktx:1.19.0=debugCompileClasspath,debugRuntimeClasspath
androidx.core:core-viewtree:1.0.0=debugCompileClasspath,debugRuntimeClasspath
androidx.core:core:1.19.0=debugCompileClasspath,debugRuntimeClasspath
androidx.customview:customview-poolingcontainer:1.0.0=debugRuntimeClasspath
androidx.documentfile:documentfile:1.0.0=debugRuntimeClasspath
androidx.dynamicanimation:dynamicanimation:1.0.0=debugRuntimeClasspath
androidx.emoji2:emoji2:1.4.0=debugRuntimeClasspath
androidx.graphics:graphics-path:1.0.1=debugRuntimeClasspath
androidx.graphics:graphics-shapes-android:1.0.1=debugRuntimeClasspath
androidx.graphics:graphics-shapes:1.0.1=debugRuntimeClasspath
androidx.interpolator:interpolator:1.0.0=debugRuntimeClasspath
androidx.legacy:legacy-support-core-utils:1.0.0=debugRuntimeClasspath
androidx.lifecycle:lifecycle-common-java8:2.11.0=debugRuntimeClasspath
androidx.lifecycle:lifecycle-common-jvm:2.11.0=debugCompileClasspath,debugRuntimeClasspath
androidx.lifecycle:lifecycle-common:2.11.0=debugCompileClasspath,debugRuntimeClasspath
androidx.lifecycle:lifecycle-livedata-core-ktx:2.11.0=debugRuntimeClasspath
androidx.lifecycle:lifecycle-livedata-core:2.11.0=debugCompileClasspath,debugRuntimeClasspath
androidx.lifecycle:lifecycle-livedata:2.11.0=debugRuntimeClasspath
androidx.lifecycle:lifecycle-process:2.11.0=debugCompileClasspath,debugRuntimeClasspath
androidx.lifecycle:lifecycle-runtime-android:2.11.0=debugCompileClasspath,debugRuntimeClasspath
androidx.lifecycle:lifecycle-runtime-compose-android:2.11.0=debugCompileClasspath,debugRuntimeClasspath
androidx.lifecycle:lifecycle-runtime-compose:2.11.0=debugCompileClasspath,debugRuntimeClasspath
androidx.lifecycle:lifecycle-runtime-ktx-android:2.11.0=debugCompileClasspath,debugRuntimeClasspath
androidx.lifecycle:lifecycle-runtime-ktx:2.11.0=debugCompileClasspath,debugRuntimeClasspath
androidx.lifecycle:lifecycle-runtime:2.11.0=debugCompileClasspath,debugRuntimeClasspath
androidx.lifecycle:lifecycle-viewmodel-android:2.11.0=debugCompileClasspath,debugRuntimeClasspath
androidx.lifecycle:lifecycle-viewmodel-compose-android:2.11.0=debugCompileClasspath,debugRuntimeClasspath
androidx.lifecycle:lifecycle-viewmodel-compose:2.11.0=debugCompileClasspath,debugRuntimeClasspath
androidx.lifecycle:lifecycle-viewmodel-ktx:2.11.0=debugRuntimeClasspath
androidx.lifecycle:lifecycle-viewmodel-savedstate-android:2.11.0=debugCompileClasspath,debugRuntimeClasspath
androidx.lifecycle:lifecycle-viewmodel-savedstate:2.11.0=debugCompileClasspath,debugRuntimeClasspath
androidx.lifecycle:lifecycle-viewmodel:2.11.0=debugCompileClasspath,debugRuntimeClasspath
androidx.loader:loader:1.0.0=debugRuntimeClasspath
androidx.localbroadcastmanager:localbroadcastmanager:1.0.0=debugRuntimeClasspath
androidx.navigationevent:navigationevent-android:1.0.0=debugCompileClasspath,debugRuntimeClasspath
androidx.navigationevent:navigationevent-compose-android:1.0.0=debugCompileClasspath,debugRuntimeClasspath
androidx.navigationevent:navigationevent-compose:1.0.0=debugCompileClasspath,debugRuntimeClasspath
androidx.navigationevent:navigationevent:1.0.0=debugCompileClasspath,debugRuntimeClasspath
androidx.print:print:1.0.0=debugRuntimeClasspath
androidx.profileinstaller:profileinstaller:1.4.0=debugRuntimeClasspath
androidx.savedstate:savedstate-android:1.4.0=debugCompileClasspath,debugRuntimeClasspath
androidx.savedstate:savedstate-compose-android:1.4.0=debugCompileClasspath,debugRuntimeClasspath
androidx.savedstate:savedstate-compose:1.4.0=debugCompileClasspath,debugRuntimeClasspath
androidx.savedstate:savedstate-ktx:1.4.0=debugRuntimeClasspath
androidx.savedstate:savedstate:1.4.0=debugCompileClasspath,debugRuntimeClasspath
androidx.security:security-crypto:1.1.0=debugCompileClasspath,debugRuntimeClasspath
androidx.startup:startup-runtime:1.1.1=debugCompileClasspath,debugRuntimeClasspath
androidx.tracing:tracing:1.2.0=debugRuntimeClasspath
androidx.transition:transition:1.6.0=debugRuntimeClasspath
androidx.versionedparcelable:versionedparcelable:1.1.1=debugCompileClasspath,debugRuntimeClasspath
androidx.wear.compose:compose-foundation:1.6.2=debugCompileClasspath,debugRuntimeClasspath
androidx.wear.compose:compose-material-core:1.6.2=debugRuntimeClasspath
androidx.wear.compose:compose-material3:1.6.2=debugCompileClasspath,debugRuntimeClasspath
androidx.wear:wear-tooling-preview:1.0.0=debugCompileClasspath,debugRuntimeClasspath
androidx.window:window-core-android:1.5.0=debugRuntimeClasspath
androidx.window:window-core:1.5.0=debugRuntimeClasspath
androidx.window:window:1.5.0=debugRuntimeClasspath
com.google.code.gson:gson:2.14.0=debugCompileClasspath,debugRuntimeClasspath
com.google.crypto.tink:tink-android:1.8.0=debugRuntimeClasspath
com.google.errorprone:error_prone_annotations:2.48.0=debugCompileClasspath,debugRuntimeClasspath
com.google.guava:listenablefuture:1.0=debugCompileClasspath,debugRuntimeClasspath
org.bouncycastle:bcprov-jdk18on:1.85=debugCompileClasspath,debugRuntimeClasspath
org.jetbrains.kotlin:kotlin-build-tools-api:2.4.10=kotlinBuildToolsApiClasspath,kotlinCompilerPluginClasspathDebug
org.jetbrains.kotlin:kotlin-build-tools-compat:2.4.10=kotlinBuildToolsApiClasspath
org.jetbrains.kotlin:kotlin-build-tools-cri-impl:2.4.10=kotlinBuildToolsApiClasspath
org.jetbrains.kotlin:kotlin-build-tools-impl:2.4.10=kotlinBuildToolsApiClasspath
org.jetbrains.kotlin:kotlin-compiler-embeddable:2.4.10=kotlinBuildToolsApiClasspath,kotlinCompilerPluginClasspathDebug
org.jetbrains.kotlin:kotlin-compiler-runner:2.4.10=kotlinBuildToolsApiClasspath
org.jetbrains.kotlin:kotlin-compose-compiler-plugin-embeddable:2.4.10=kotlin-extension,kotlinCompilerPluginClasspathDebug
org.jetbrains.kotlin:kotlin-daemon-client:2.4.10=kotlinBuildToolsApiClasspath
org.jetbrains.kotlin:kotlin-daemon-embeddable:2.4.10=kotlinBuildToolsApiClasspath,kotlinCompilerPluginClasspathDebug
org.jetbrains.kotlin:kotlin-parcelize-compiler:2.4.10=kotlinCompilerPluginClasspathDebug
org.jetbrains.kotlin:kotlin-parcelize-runtime:2.4.10=debugCompileClasspath,debugRuntimeClasspath
org.jetbrains.kotlin:kotlin-reflect:1.6.10=kotlinBuildToolsApiClasspath,kotlinCompilerPluginClasspathDebug
org.jetbrains.kotlin:kotlin-script-runtime:2.4.10=kotlinBuildToolsApiClasspath,kotlinCompilerPluginClasspathDebug
org.jetbrains.kotlin:kotlin-stdlib-common:2.4.10=debugRuntimeClasspath
org.jetbrains.kotlin:kotlin-stdlib:2.4.10=debugCompileClasspath,debugRuntimeClasspath,kotlinBuildToolsApiClasspath,kotlinCompilerPluginClasspathDebug
org.jetbrains.kotlin:kotlin-tooling-core:2.4.10=kotlinBuildToolsApiClasspath
org.jetbrains.kotlinx:kotlinx-coroutines-android:1.11.0=debugCompileClasspath,debugRuntimeClasspath
org.jetbrains.kotlinx:kotlinx-coroutines-bom:1.11.0=debugCompileClasspath,debugRuntimeClasspath
org.jetbrains.kotlinx:kotlinx-coroutines-core-jvm:1.11.0=debugCompileClasspath,debugRuntimeClasspath
org.jetbrains.kotlinx:kotlinx-coroutines-core-jvm:1.8.0=kotlinBuildToolsApiClasspath,kotlinCompilerPluginClasspathDebug
org.jetbrains.kotlinx:kotlinx-coroutines-core:1.11.0=debugCompileClasspath,debugRuntimeClasspath
org.jetbrains.kotlinx:kotlinx-serialization-bom:1.7.3=debugCompileClasspath,debugRuntimeClasspath
org.jetbrains.kotlinx:kotlinx-serialization-core-jvm:1.7.3=debugCompileClasspath,debugRuntimeClasspath
org.jetbrains.kotlinx:kotlinx-serialization-core:1.7.3=debugCompileClasspath,debugRuntimeClasspath
org.jetbrains:annotations:13.0=kotlinBuildToolsApiClasspath,kotlinCompilerPluginClasspathDebug
org.jetbrains:annotations:23.0.0=debugCompileClasspath,debugRuntimeClasspath
org.jspecify:jspecify:1.0.0=debugCompileClasspath,debugRuntimeClasspath
empty=androidApis,kotlinCompilerPluginClasspath
